
Microsoft Visual Studio Solution File, Format Version 12.00
# Visual Studio 15
VisualStudioVersion = 15.0.28010.2016
MinimumVisualStudioVersion = 10.0.40219.1
Project("{FAE04EC0-301F-11D3-BF4B-00C04F79EFBC}") = "Yui", "Yui.csproj", "{EEEA5AC2-D18D-4D56-9C1A-B002AC3058D4}"
EndProject
Global
	GlobalSection(SolutionConfigurationPlatforms) = preSolution
		Debug|Any CPU = Debug|Any CPU
		Release|Any CPU = Release|Any CPU
	EndGlobalSection
	GlobalSection(ProjectConfigurationPlatforms) = postSolution
		{EEEA5AC2-D18D-4D56-9C1A-B002AC3058D4}.Debug|Any CPU.ActiveCfg = Debug|Any CPU
		{EEEA5AC2-D18D-4D56-9C1A-B002AC3058D4}.Debug|Any CPU.Build.0 = Debug|Any CPU
		{EEEA5AC2-D18D-4D56-9C1A-B002AC3058D4}.Release|Any CPU.ActiveCfg = Release|Any CPU
		{EEEA5AC2-D18D-4D56-9C1A-B002AC3058D4}.Release|Any CPU.Build.0 = Release|Any CPU
	EndGlobalSection
	GlobalSection(SolutionProperties) = preSolution
		HideSolutionNode = FALSE
	EndGlobalSection
	GlobalSection(ExtensibilityGlobals) = postSolution
		SolutionGuid = {02CEE132-03B4-4672-B11E-6EBE18F299C8}
	EndGlobalSection
EndGlobal
